
Microsoft Visual Studio Solution File, Format Version 12.00
# Visual Studio Version 17
VisualStudioVersion = 17.13.35825.156 d17.13
MinimumVisualStudioVersion = 10.0.40219.1
Project("{FAE04EC0-301F-11D3-BF4B-00C04F79EFBC}") = "MyControl", "MyControl.csproj", "{56C0D259-DAF9-4C23-9DFF-9010D16440BB}"
EndProject
Global
	GlobalSection(SolutionConfigurationPlatforms) = preSolution
		Debug|Any CPU = Debug|Any CPU
		Release|Any CPU = Release|Any CPU
	EndGlobalSection
	GlobalSection(ProjectConfigurationPlatforms) = postSolution
		{56C0D259-DAF9-4C23-9DFF-9010D16440BB}.Debug|Any CPU.ActiveCfg = Debug|Any CPU
		{56C0D259-DAF9-4C23-9DFF-9010D16440BB}.Debug|Any CPU.Build.0 = Debug|Any CPU
		{56C0D259-DAF9-4C23-9DFF-9010D16440BB}.Release|Any CPU.ActiveCfg = Release|Any CPU
		{56C0D259-DAF9-4C23-9DFF-9010D16440BB}.Release|Any CPU.Build.0 = Release|Any CPU
	EndGlobalSection
	GlobalSection(SolutionProperties) = preSolution
		HideSolutionNode = FALSE
	EndGlobalSection
	GlobalSection(ExtensibilityGlobals) = postSolution
		SolutionGuid = {C048FB5E-3FAB-4FA4-8B19-3B210E5765F8}
	EndGlobalSection
EndGlobal
