
Microsoft Visual Studio Solution File, Format Version 12.00
# Visual Studio Version 17
VisualStudioVersion = 17.14.36623.8 d17.14
MinimumVisualStudioVersion = 10.0.40219.1
Project("{FAE04EC0-301F-11D3-BF4B-00C04F79EFBC}") = "MyCapsule", "MyCapsule\MyCapsule.csproj", "{61D5CB85-E379-4598-869D-880DA35DC637}"
EndProject
Project("{FAE04EC0-301F-11D3-BF4B-00C04F79EFBC}") = "Parts", "Parts\Parts.csproj", "{D37D03BF-C289-4859-917F-D00180BFD62A}"
EndProject
Global
	GlobalSection(SolutionConfigurationPlatforms) = preSolution
		Debug|Any CPU = Debug|Any CPU
		Release|Any CPU = Release|Any CPU
	EndGlobalSection
	GlobalSection(ProjectConfigurationPlatforms) = postSolution
		{61D5CB85-E379-4598-869D-880DA35DC637}.Debug|Any CPU.ActiveCfg = Debug|Any CPU
		{61D5CB85-E379-4598-869D-880DA35DC637}.Debug|Any CPU.Build.0 = Debug|Any CPU
		{61D5CB85-E379-4598-869D-880DA35DC637}.Release|Any CPU.ActiveCfg = Release|Any CPU
		{61D5CB85-E379-4598-869D-880DA35DC637}.Release|Any CPU.Build.0 = Release|Any CPU
		{D37D03BF-C289-4859-917F-D00180BFD62A}.Debug|Any CPU.ActiveCfg = Debug|Any CPU
		{D37D03BF-C289-4859-917F-D00180BFD62A}.Debug|Any CPU.Build.0 = Debug|Any CPU
		{D37D03BF-C289-4859-917F-D00180BFD62A}.Release|Any CPU.ActiveCfg = Release|Any CPU
		{D37D03BF-C289-4859-917F-D00180BFD62A}.Release|Any CPU.Build.0 = Release|Any CPU
	EndGlobalSection
	GlobalSection(SolutionProperties) = preSolution
		HideSolutionNode = FALSE
	EndGlobalSection
	GlobalSection(ExtensibilityGlobals) = postSolution
		SolutionGuid = {D5DA3F28-1DE4-41F5-A263-0F93E9CBA1B4}
	EndGlobalSection
EndGlobal
