
Microsoft Visual Studio Solution File, Format Version 12.00
# Visual Studio Version 17
VisualStudioVersion = 17.13.35825.156 d17.13
MinimumVisualStudioVersion = 10.0.40219.1
Project("{FAE04EC0-301F-11D3-BF4B-00C04F79EFBC}") = "MyMethod", "MyMethod.csproj", "{A25B3004-BC35-4B51-8780-A7913ABE86DD}"
EndProject
Global
	GlobalSection(SolutionConfigurationPlatforms) = preSolution
		Debug|Any CPU = Debug|Any CPU
		Release|Any CPU = Release|Any CPU
	EndGlobalSection
	GlobalSection(ProjectConfigurationPlatforms) = postSolution
		{A25B3004-BC35-4B51-8780-A7913ABE86DD}.Debug|Any CPU.ActiveCfg = Debug|Any CPU
		{A25B3004-BC35-4B51-8780-A7913ABE86DD}.Debug|Any CPU.Build.0 = Debug|Any CPU
		{A25B3004-BC35-4B51-8780-A7913ABE86DD}.Release|Any CPU.ActiveCfg = Release|Any CPU
		{A25B3004-BC35-4B51-8780-A7913ABE86DD}.Release|Any CPU.Build.0 = Release|Any CPU
	EndGlobalSection
	GlobalSection(SolutionProperties) = preSolution
		HideSolutionNode = FALSE
	EndGlobalSection
	GlobalSection(ExtensibilityGlobals) = postSolution
		SolutionGuid = {8C774A0E-F738-4530-ABD3-7D9D22A4DA43}
	EndGlobalSection
EndGlobal
