
Microsoft Visual Studio Solution File, Format Version 12.00
# Visual Studio Version 17
VisualStudioVersion = 17.14.36623.8 d17.14
MinimumVisualStudioVersion = 10.0.40219.1
Project("{FAE04EC0-301F-11D3-BF4B-00C04F79EFBC}") = "Dice19Main", "Dice19Main.csproj", "{5F500235-7628-4AEE-A1A4-DAE20DF8FD94}"
EndProject
Global
	GlobalSection(SolutionConfigurationPlatforms) = preSolution
		Debug|Any CPU = Debug|Any CPU
		Release|Any CPU = Release|Any CPU
	EndGlobalSection
	GlobalSection(ProjectConfigurationPlatforms) = postSolution
		{5F500235-7628-4AEE-A1A4-DAE20DF8FD94}.Debug|Any CPU.ActiveCfg = Debug|Any CPU
		{5F500235-7628-4AEE-A1A4-DAE20DF8FD94}.Debug|Any CPU.Build.0 = Debug|Any CPU
		{5F500235-7628-4AEE-A1A4-DAE20DF8FD94}.Release|Any CPU.ActiveCfg = Release|Any CPU
		{5F500235-7628-4AEE-A1A4-DAE20DF8FD94}.Release|Any CPU.Build.0 = Release|Any CPU
	EndGlobalSection
	GlobalSection(SolutionProperties) = preSolution
		HideSolutionNode = FALSE
	EndGlobalSection
	GlobalSection(ExtensibilityGlobals) = postSolution
		SolutionGuid = {6660ACA1-B2FD-43F0-BE75-214179DDE13D}
	EndGlobalSection
EndGlobal
